
Microsoft Visual Studio Solution File, Format Version 12.00
# Visual Studio Version 17
VisualStudioVersion = 17.8.34525.116
MinimumVisualStudioVersion = 10.0.40219.1
Project("{2150E333-8FDC-42A3-9474-1A3956D46DE8}") = "API", "API", "{2C801894-6FD4-4696-8483-E8D56035B7E2}"
EndProject
Project("{2150E333-8FDC-42A3-9474-1A3956D46DE8}") = "DAL", "DAL", "{BE9AD349-1E5D-4D75-B963-FD23118A0CA6}"
EndProject
Project("{2150E333-8FDC-42A3-9474-1A3956D46DE8}") = "BL", "BL", "{535C6B69-0611-4171-A2C4-6FE3A4E45BFB}"
EndProject
Project("{2150E333-8FDC-42A3-9474-1A3956D46DE8}") = "APP", "APP", "{28831591-11DE-4500-8A09-AFF1586EE284}"
EndProject
Project("{2150E333-8FDC-42A3-9474-1A3956D46DE8}") = "Common", "Common", "{7BC7A2E4-2F6F-4EEE-A129-5805254EFE57}"
EndProject
Project("{9A19103F-16F7-4668-BE54-9A1E7A4F7556}") = "APP", "API\APP\APP.csproj", "{E3336132-28B4-4E3B-BBCB-7695C7962B28}"
EndProject
Project("{9A19103F-16F7-4668-BE54-9A1E7A4F7556}") = "APP.Tests", "API\APP.Tests\APP.Tests.csproj", "{D2EDA252-338C-4B98-A384-D7F60C9664AD}"
EndProject
Project("{9A19103F-16F7-4668-BE54-9A1E7A4F7556}") = "BL", "API\BL\BL.csproj", "{2FF79B43-9A1D-4F7A-B8F9-501A92E64547}"
EndProject
Project("{9A19103F-16F7-4668-BE54-9A1E7A4F7556}") = "Common", "API\Common\Common.csproj", "{E4E22100-28B2-470D-8B66-8EBF19E5874D}"
EndProject
Project("{9A19103F-16F7-4668-BE54-9A1E7A4F7556}") = "DAL", "API\DAL\DAL.csproj", "{BB7D8831-8850-41C6-BC9A-A2A1E92C717C}"
EndProject
Project("{9A19103F-16F7-4668-BE54-9A1E7A4F7556}") = "DAL.Tests", "API\DAL.Tests\DAL.Tests.csproj", "{4BC8765A-C9DB-462C-B8B8-A583919A35C1}"
EndProject
Project("{2150E333-8FDC-42A3-9474-1A3956D46DE8}") = "APP", "APP", "{3152EB0F-500F-487C-BD7D-BDB136FDC021}"
EndProject
Project("{54A90642-561A-4BB1-A94E-469ADEE60C69}") = "app", "APP\app.esproj", "{048B7E48-843D-416B-8E03-D855F467CE37}"
EndProject
Global
	GlobalSection(SolutionConfigurationPlatforms) = preSolution
		Debug|Any CPU = Debug|Any CPU
		Release|Any CPU = Release|Any CPU
	EndGlobalSection
	GlobalSection(ProjectConfigurationPlatforms) = postSolution
		{E3336132-28B4-4E3B-BBCB-7695C7962B28}.Debug|Any CPU.ActiveCfg = Debug|Any CPU
		{E3336132-28B4-4E3B-BBCB-7695C7962B28}.Debug|Any CPU.Build.0 = Debug|Any CPU
		{E3336132-28B4-4E3B-BBCB-7695C7962B28}.Release|Any CPU.ActiveCfg = Release|Any CPU
		{E3336132-28B4-4E3B-BBCB-7695C7962B28}.Release|Any CPU.Build.0 = Release|Any CPU
		{D2EDA252-338C-4B98-A384-D7F60C9664AD}.Debug|Any CPU.ActiveCfg = Debug|Any CPU
		{D2EDA252-338C-4B98-A384-D7F60C9664AD}.Debug|Any CPU.Build.0 = Debug|Any CPU
		{D2EDA252-338C-4B98-A384-D7F60C9664AD}.Release|Any CPU.ActiveCfg = Release|Any CPU
		{D2EDA252-338C-4B98-A384-D7F60C9664AD}.Release|Any CPU.Build.0 = Release|Any CPU
		{2FF79B43-9A1D-4F7A-B8F9-501A92E64547}.Debug|Any CPU.ActiveCfg = Debug|Any CPU
		{2FF79B43-9A1D-4F7A-B8F9-501A92E64547}.Debug|Any CPU.Build.0 = Debug|Any CPU
		{2FF79B43-9A1D-4F7A-B8F9-501A92E64547}.Release|Any CPU.ActiveCfg = Release|Any CPU
		{2FF79B43-9A1D-4F7A-B8F9-501A92E64547}.Release|Any CPU.Build.0 = Release|Any CPU
		{E4E22100-28B2-470D-8B66-8EBF19E5874D}.Debug|Any CPU.ActiveCfg = Debug|Any CPU
		{E4E22100-28B2-470D-8B66-8EBF19E5874D}.Debug|Any CPU.Build.0 = Debug|Any CPU
		{E4E22100-28B2-470D-8B66-8EBF19E5874D}.Release|Any CPU.ActiveCfg = Release|Any CPU
		{E4E22100-28B2-470D-8B66-8EBF19E5874D}.Release|Any CPU.Build.0 = Release|Any CPU
		{BB7D8831-8850-41C6-BC9A-A2A1E92C717C}.Debug|Any CPU.ActiveCfg = Debug|Any CPU
		{BB7D8831-8850-41C6-BC9A-A2A1E92C717C}.Debug|Any CPU.Build.0 = Debug|Any CPU
		{BB7D8831-8850-41C6-BC9A-A2A1E92C717C}.Release|Any CPU.ActiveCfg = Release|Any CPU
		{BB7D8831-8850-41C6-BC9A-A2A1E92C717C}.Release|Any CPU.Build.0 = Release|Any CPU
		{4BC8765A-C9DB-462C-B8B8-A583919A35C1}.Debug|Any CPU.ActiveCfg = Debug|Any CPU
		{4BC8765A-C9DB-462C-B8B8-A583919A35C1}.Debug|Any CPU.Build.0 = Debug|Any CPU
		{4BC8765A-C9DB-462C-B8B8-A583919A35C1}.Release|Any CPU.ActiveCfg = Release|Any CPU
		{4BC8765A-C9DB-462C-B8B8-A583919A35C1}.Release|Any CPU.Build.0 = Release|Any CPU
		{048B7E48-843D-416B-8E03-D855F467CE37}.Debug|Any CPU.ActiveCfg = Debug|Any CPU
		{048B7E48-843D-416B-8E03-D855F467CE37}.Debug|Any CPU.Build.0 = Debug|Any CPU
		{048B7E48-843D-416B-8E03-D855F467CE37}.Debug|Any CPU.Deploy.0 = Debug|Any CPU
		{048B7E48-843D-416B-8E03-D855F467CE37}.Release|Any CPU.ActiveCfg = Release|Any CPU
		{048B7E48-843D-416B-8E03-D855F467CE37}.Release|Any CPU.Build.0 = Release|Any CPU
		{048B7E48-843D-416B-8E03-D855F467CE37}.Release|Any CPU.Deploy.0 = Release|Any CPU
	EndGlobalSection
	GlobalSection(SolutionProperties) = preSolution
		HideSolutionNode = FALSE
	EndGlobalSection
	GlobalSection(NestedProjects) = preSolution
		{BE9AD349-1E5D-4D75-B963-FD23118A0CA6} = {2C801894-6FD4-4696-8483-E8D56035B7E2}
		{535C6B69-0611-4171-A2C4-6FE3A4E45BFB} = {2C801894-6FD4-4696-8483-E8D56035B7E2}
		{28831591-11DE-4500-8A09-AFF1586EE284} = {2C801894-6FD4-4696-8483-E8D56035B7E2}
		{7BC7A2E4-2F6F-4EEE-A129-5805254EFE57} = {2C801894-6FD4-4696-8483-E8D56035B7E2}
		{E3336132-28B4-4E3B-BBCB-7695C7962B28} = {28831591-11DE-4500-8A09-AFF1586EE284}
		{D2EDA252-338C-4B98-A384-D7F60C9664AD} = {28831591-11DE-4500-8A09-AFF1586EE284}
		{2FF79B43-9A1D-4F7A-B8F9-501A92E64547} = {535C6B69-0611-4171-A2C4-6FE3A4E45BFB}
		{E4E22100-28B2-470D-8B66-8EBF19E5874D} = {7BC7A2E4-2F6F-4EEE-A129-5805254EFE57}
		{BB7D8831-8850-41C6-BC9A-A2A1E92C717C} = {BE9AD349-1E5D-4D75-B963-FD23118A0CA6}
		{4BC8765A-C9DB-462C-B8B8-A583919A35C1} = {BE9AD349-1E5D-4D75-B963-FD23118A0CA6}
		{048B7E48-843D-416B-8E03-D855F467CE37} = {3152EB0F-500F-487C-BD7D-BDB136FDC021}
	EndGlobalSection
	GlobalSection(ExtensibilityGlobals) = postSolution
		SolutionGuid = {98AA1889-7033-4BED-A8C6-C62F416F0E4C}
	EndGlobalSection
EndGlobal
