
Microsoft Visual Studio Solution File, Format Version 12.00
# Visual Studio Version 17
VisualStudioVersion = 17.8.34525.116
MinimumVisualStudioVersion = 10.0.40219.1
Project("{2150E333-8FDC-42A3-9474-1A3956D46DE8}") = "API", "API", "{2C801894-6FD4-4696-8483-E8D56035B7E2}"
EndProject
Project("{2150E333-8FDC-42A3-9474-1A3956D46DE8}") = "DAL", "DAL", "{BE9AD349-1E5D-4D75-B963-FD23118A0CA6}"
EndProject
Project("{2150E333-8FDC-42A3-9474-1A3956D46DE8}") = "BL", "BL", "{535C6B69-0611-4171-A2C4-6FE3A4E45BFB}"
EndProject
Project("{2150E333-8FDC-42A3-9474-1A3956D46DE8}") = "APP", "APP", "{28831591-11DE-4500-8A09-AFF1586EE284}"
EndProject
Project("{9A19103F-16F7-4668-BE54-9A1E7A4F7556}") = "DAL", "DAL\DAL.csproj", "{6C86D462-735C-4AA7-BB22-DC803D7C2B61}"
EndProject
Project("{9A19103F-16F7-4668-BE54-9A1E7A4F7556}") = "BL", "BL\BL.csproj", "{71F6779F-FD9E-4D45-9DD8-9B74BC8626E8}"
EndProject
Project("{9A19103F-16F7-4668-BE54-9A1E7A4F7556}") = "APP", "APP\APP.csproj", "{EAC931C7-6979-4FAD-92F6-77747C7AADD0}"
EndProject
Project("{2150E333-8FDC-42A3-9474-1A3956D46DE8}") = "Common", "Common", "{7BC7A2E4-2F6F-4EEE-A129-5805254EFE57}"
EndProject
Project("{FAE04EC0-301F-11D3-BF4B-00C04F79EFBC}") = "Common", "Common\Common.csproj", "{666D70B5-DB08-4A37-B90C-FA0F4C3B9A2A}"
EndProject
Global
	GlobalSection(SolutionConfigurationPlatforms) = preSolution
		Debug|Any CPU = Debug|Any CPU
		Release|Any CPU = Release|Any CPU
	EndGlobalSection
	GlobalSection(ProjectConfigurationPlatforms) = postSolution
		{6C86D462-735C-4AA7-BB22-DC803D7C2B61}.Debug|Any CPU.ActiveCfg = Debug|Any CPU
		{6C86D462-735C-4AA7-BB22-DC803D7C2B61}.Debug|Any CPU.Build.0 = Debug|Any CPU
		{6C86D462-735C-4AA7-BB22-DC803D7C2B61}.Release|Any CPU.ActiveCfg = Release|Any CPU
		{6C86D462-735C-4AA7-BB22-DC803D7C2B61}.Release|Any CPU.Build.0 = Release|Any CPU
		{71F6779F-FD9E-4D45-9DD8-9B74BC8626E8}.Debug|Any CPU.ActiveCfg = Debug|Any CPU
		{71F6779F-FD9E-4D45-9DD8-9B74BC8626E8}.Debug|Any CPU.Build.0 = Debug|Any CPU
		{71F6779F-FD9E-4D45-9DD8-9B74BC8626E8}.Release|Any CPU.ActiveCfg = Release|Any CPU
		{71F6779F-FD9E-4D45-9DD8-9B74BC8626E8}.Release|Any CPU.Build.0 = Release|Any CPU
		{EAC931C7-6979-4FAD-92F6-77747C7AADD0}.Debug|Any CPU.ActiveCfg = Debug|Any CPU
		{EAC931C7-6979-4FAD-92F6-77747C7AADD0}.Debug|Any CPU.Build.0 = Debug|Any CPU
		{EAC931C7-6979-4FAD-92F6-77747C7AADD0}.Release|Any CPU.ActiveCfg = Release|Any CPU
		{EAC931C7-6979-4FAD-92F6-77747C7AADD0}.Release|Any CPU.Build.0 = Release|Any CPU
		{666D70B5-DB08-4A37-B90C-FA0F4C3B9A2A}.Debug|Any CPU.ActiveCfg = Debug|Any CPU
		{666D70B5-DB08-4A37-B90C-FA0F4C3B9A2A}.Debug|Any CPU.Build.0 = Debug|Any CPU
		{666D70B5-DB08-4A37-B90C-FA0F4C3B9A2A}.Release|Any CPU.ActiveCfg = Release|Any CPU
		{666D70B5-DB08-4A37-B90C-FA0F4C3B9A2A}.Release|Any CPU.Build.0 = Release|Any CPU
	EndGlobalSection
	GlobalSection(SolutionProperties) = preSolution
		HideSolutionNode = FALSE
	EndGlobalSection
	GlobalSection(NestedProjects) = preSolution
		{BE9AD349-1E5D-4D75-B963-FD23118A0CA6} = {2C801894-6FD4-4696-8483-E8D56035B7E2}
		{535C6B69-0611-4171-A2C4-6FE3A4E45BFB} = {2C801894-6FD4-4696-8483-E8D56035B7E2}
		{28831591-11DE-4500-8A09-AFF1586EE284} = {2C801894-6FD4-4696-8483-E8D56035B7E2}
		{6C86D462-735C-4AA7-BB22-DC803D7C2B61} = {BE9AD349-1E5D-4D75-B963-FD23118A0CA6}
		{71F6779F-FD9E-4D45-9DD8-9B74BC8626E8} = {535C6B69-0611-4171-A2C4-6FE3A4E45BFB}
		{EAC931C7-6979-4FAD-92F6-77747C7AADD0} = {28831591-11DE-4500-8A09-AFF1586EE284}
		{7BC7A2E4-2F6F-4EEE-A129-5805254EFE57} = {2C801894-6FD4-4696-8483-E8D56035B7E2}
		{666D70B5-DB08-4A37-B90C-FA0F4C3B9A2A} = {7BC7A2E4-2F6F-4EEE-A129-5805254EFE57}
	EndGlobalSection
	GlobalSection(ExtensibilityGlobals) = postSolution
		SolutionGuid = {98AA1889-7033-4BED-A8C6-C62F416F0E4C}
	EndGlobalSection
EndGlobal
